
Microsoft Visual Studio Solution File, Format Version 11.00
# Visual Studio 2010
Project("{FAE04EC0-301F-11D3-BF4B-00C04F79EFBC}") = "CubeAndTiles", "CubeAndTiles\CubeAndTiles.csproj", "{FFDF307D-146B-4365-B410-A05FAEE3A337}"
EndProject
Project("{FAE04EC0-301F-11D3-BF4B-00C04F79EFBC}") = "EmptyProject", "EmptyProject\EmptyProject.csproj", "{5CC07A6C-E203-4FC9-862F-8F0A0CFBF474}"
EndProject
Global
	GlobalSection(SolutionConfigurationPlatforms) = preSolution
		Debug|x86 = Debug|x86
		Debug+Web|x86 = Debug+Web|x86
		Release|x86 = Release|x86
	EndGlobalSection
	GlobalSection(ProjectConfigurationPlatforms) = postSolution
		{FFDF307D-146B-4365-B410-A05FAEE3A337}.Debug|x86.ActiveCfg = Debug|x86
		{FFDF307D-146B-4365-B410-A05FAEE3A337}.Debug|x86.Build.0 = Debug|x86
		{FFDF307D-146B-4365-B410-A05FAEE3A337}.Debug+Web|x86.ActiveCfg = Debug+Web|x86
		{FFDF307D-146B-4365-B410-A05FAEE3A337}.Debug+Web|x86.Build.0 = Debug+Web|x86
		{FFDF307D-146B-4365-B410-A05FAEE3A337}.Release|x86.ActiveCfg = Release|x86
		{FFDF307D-146B-4365-B410-A05FAEE3A337}.Release|x86.Build.0 = Release|x86
		{5CC07A6C-E203-4FC9-862F-8F0A0CFBF474}.Debug|x86.ActiveCfg = Debug|x86
		{5CC07A6C-E203-4FC9-862F-8F0A0CFBF474}.Debug|x86.Build.0 = Debug|x86
		{5CC07A6C-E203-4FC9-862F-8F0A0CFBF474}.Debug+Web|x86.ActiveCfg = Debug+Web|x86
		{5CC07A6C-E203-4FC9-862F-8F0A0CFBF474}.Debug+Web|x86.Build.0 = Debug+Web|x86
		{5CC07A6C-E203-4FC9-862F-8F0A0CFBF474}.Release|x86.ActiveCfg = Release|x86
		{5CC07A6C-E203-4FC9-862F-8F0A0CFBF474}.Release|x86.Build.0 = Release|x86
	EndGlobalSection
	GlobalSection(SolutionProperties) = preSolution
		HideSolutionNode = FALSE
	EndGlobalSection
EndGlobal
